// !$*UTF8*$!
{
	archiveVersion = 1;
	classes = {
	};
	objectVersion = 50;
	objects = {

/* Begin PBXBuildFile section */
		5701EC422360F1C2004A4EAA /* AppDelegate.swift in Sources */ = {isa = PBXBuildFile; fileRef = 5701EC412360F1C2004A4EAA /* AppDelegate.swift */; };
		5701EC442360F1C2004A4EAA /* SceneDelegate.swift in Sources */ = {isa = PBXBuildFile; fileRef = 5701EC432360F1C2004A4EAA /* SceneDelegate.swift */; };
		5701EC462360F1C2004A4EAA /* ViewController.swift in Sources */ = {isa = PBXBuildFile; fileRef = 5701EC452360F1C2004A4EAA /* ViewController.swift */; };
		5701EC492360F1C2004A4EAA /* Main.storyboard in Resources */ = {isa = PBXBuildFile; fileRef = 5701EC472360F1C2004A4EAA /* Main.storyboard */; };
		5701EC4B2360F1C4004A4EAA /* Assets.xcassets in Resources */ = {isa = PBXBuildFile; fileRef = 5701EC4A2360F1C4004A4EAA /* Assets.xcassets */; };
		5701EC4E2360F1C4004A4EAA /* LaunchScreen.storyboard in Resources */ = {isa = PBXBuildFile; fileRef = 5701EC4C2360F1C4004A4EAA /* LaunchScreen.storyboard */; };
		5701EC5C2360F82C004A4EAA /* NotificationCenter.framework in Frameworks */ = {isa = PBXBuildFile; fileRef = 5701EC5B2360F82C004A4EAA /* NotificationCenter.framework */; };
		5701EC5F2360F82C004A4EAA /* TodayViewController.swift in Sources */ = {isa = PBXBuildFile; fileRef = 5701EC5E2360F82C004A4EAA /* TodayViewController.swift */; };
		5701EC622360F82C004A4EAA /* MainInterface.storyboard in Resources */ = {isa = PBXBuildFile; fileRef = 5701EC602360F82C004A4EAA /* MainInterface.storyboard */; };
		5701EC662360F82C004A4EAA /* Widget.appex in Embed App Extensions */ = {isa = PBXBuildFile; fileRef = 5701EC592360F82C004A4EAA /* Widget.appex */; settings = {ATTRIBUTES = (RemoveHeadersOnCopy, ); }; };
		5701EC9123632F29004A4EAA /* TestViewController.swift in Sources */ = {isa = PBXBuildFile; fileRef = 5701EC9023632F29004A4EAA /* TestViewController.swift */; };
/* End PBXBuildFile section */

/* Begin PBXContainerItemProxy section */
		5701EC642360F82C004A4EAA /* PBXContainerItemProxy */ = {
			isa = PBXContainerItemProxy;
			containerPortal = 5701EC362360F1C2004A4EAA /* Project object */;
			proxyType = 1;
			remoteGlobalIDString = 5701EC582360F82C004A4EAA;
			remoteInfo = Widget;
		};
/* End PBXContainerItemProxy section */

/* Begin PBXCopyFilesBuildPhase section */
		5701EC6A2360F82C004A4EAA /* Embed App Extensions */ = {
			isa = PBXCopyFilesBuildPhase;
			buildActionMask = 2147483647;
			dstPath = "";
			dstSubfolderSpec = 13;
			files = (
				5701EC662360F82C004A4EAA /* Widget.appex in Embed App Extensions */,
			);
			name = "Embed App Extensions";
			runOnlyForDeploymentPostprocessing = 0;
		};
/* End PBXCopyFilesBuildPhase section */

/* Begin PBXFileReference section */
		5701EC3E2360F1C2004A4EAA /* Polyglot.app */ = {isa = PBXFileReference; explicitFileType = wrapper.application; includeInIndex = 0; path = Polyglot.app; sourceTree = BUILT_PRODUCTS_DIR; };
		5701EC412360F1C2004A4EAA /* AppDelegate.swift */ = {isa = PBXFileReference; lastKnownFileType = sourcecode.swift; path = AppDelegate.swift; sourceTree = "<group>"; };
		5701EC432360F1C2004A4EAA /* SceneDelegate.swift */ = {isa = PBXFileReference; lastKnownFileType = sourcecode.swift; path = SceneDelegate.swift; sourceTree = "<group>"; };
		5701EC452360F1C2004A4EAA /* ViewController.swift */ = {isa = PBXFileReference; lastKnownFileType = sourcecode.swift; path = ViewController.swift; sourceTree = "<group>"; };
		5701EC482360F1C2004A4EAA /* Base */ = {isa = PBXFileReference; lastKnownFileType = file.storyboard; name = Base; path = Base.lproj/Main.storyboard; sourceTree = "<group>"; };
		5701EC4A2360F1C4004A4EAA /* Assets.xcassets */ = {isa = PBXFileReference; lastKnownFileType = folder.assetcatalog; path = Assets.xcassets; sourceTree = "<group>"; };
		5701EC4D2360F1C4004A4EAA /* Base */ = {isa = PBXFileReference; lastKnownFileType = file.storyboard; name = Base; path = Base.lproj/LaunchScreen.storyboard; sourceTree = "<group>"; };
		5701EC4F2360F1C4004A4EAA /* Info.plist */ = {isa = PBXFileReference; lastKnownFileType = text.plist.xml; path = Info.plist; sourceTree = "<group>"; };
		5701EC592360F82C004A4EAA /* Widget.appex */ = {isa = PBXFileReference; explicitFileType = "wrapper.app-extension"; includeInIndex = 0; path = Widget.appex; sourceTree = BUILT_PRODUCTS_DIR; };
		5701EC5B2360F82C004A4EAA /* NotificationCenter.framework */ = {isa = PBXFileReference; lastKnownFileType = wrapper.framework; name = NotificationCenter.framework; path = System/Library/Frameworks/NotificationCenter.framework; sourceTree = SDKROOT; };
		5701EC5E2360F82C004A4EAA /* TodayViewController.swift */ = {isa = PBXFileReference; lastKnownFileType = sourcecode.swift; path = TodayViewController.swift; sourceTree = "<group>"; };
		5701EC612360F82C004A4EAA /* Base */ = {isa = PBXFileReference; lastKnownFileType = file.storyboard; name = Base; path = Base.lproj/MainInterface.storyboard; sourceTree = "<group>"; };
		5701EC632360F82C004A4EAA /* Info.plist */ = {isa = PBXFileReference; lastKnownFileType = text.plist.xml; path = Info.plist; sourceTree = "<group>"; };
		5701EC6B2360FA1B004A4EAA /* Polyglot.entitlements */ = {isa = PBXFileReference; lastKnownFileType = text.plist.entitlements; path = Polyglot.entitlements; sourceTree = "<group>"; };
		5701EC6C2360FA43004A4EAA /* Widget.entitlements */ = {isa = PBXFileReference; lastKnownFileType = text.plist.entitlements; path = Widget.entitlements; sourceTree = "<group>"; };
		5701EC9023632F29004A4EAA /* TestViewController.swift */ = {isa = PBXFileReference; lastKnownFileType = sourcecode.swift; path = TestViewController.swift; sourceTree = "<group>"; };
/* End PBXFileReference section */

/* Begin PBXFrameworksBuildPhase section */
		5701EC3B2360F1C2004A4EAA /* Frameworks */ = {
			isa = PBXFrameworksBuildPhase;
			buildActionMask = 2147483647;
			files = (
			);
			runOnlyForDeploymentPostprocessing = 0;
		};
		5701EC562360F82C004A4EAA /* Frameworks */ = {
			isa = PBXFrameworksBuildPhase;
			buildActionMask = 2147483647;
			files = (
				5701EC5C2360F82C004A4EAA /* NotificationCenter.framework in Frameworks */,
			);
			runOnlyForDeploymentPostprocessing = 0;
		};
/* End PBXFrameworksBuildPhase section */

/* Begin PBXGroup section */
		5701EC352360F1C2004A4EAA = {
			isa = PBXGroup;
			children = (
				5701EC402360F1C2004A4EAA /* Polyglot */,
				5701EC5D2360F82C004A4EAA /* Widget */,
				5701EC5A2360F82C004A4EAA /* Frameworks */,
				5701EC3F2360F1C2004A4EAA /* Products */,
			);
			sourceTree = "<group>";
		};
		5701EC3F2360F1C2004A4EAA /* Products */ = {
			isa = PBXGroup;
			children = (
				5701EC3E2360F1C2004A4EAA /* Polyglot.app */,
				5701EC592360F82C004A4EAA /* Widget.appex */,
			);
			name = Products;
			sourceTree = "<group>";
		};
		5701EC402360F1C2004A4EAA /* Polyglot */ = {
			isa = PBXGroup;
			children = (
				5701EC6B2360FA1B004A4EAA /* Polyglot.entitlements */,
				5701EC9023632F29004A4EAA /* TestViewController.swift */,
				5701EC412360F1C2004A4EAA /* AppDelegate.swift */,
				5701EC432360F1C2004A4EAA /* SceneDelegate.swift */,
				5701EC452360F1C2004A4EAA /* ViewController.swift */,
				5701EC472360F1C2004A4EAA /* Main.storyboard */,
				5701EC4A2360F1C4004A4EAA /* Assets.xcassets */,
				5701EC4C2360F1C4004A4EAA /* LaunchScreen.storyboard */,
				5701EC4F2360F1C4004A4EAA /* Info.plist */,
			);
			path = Polyglot;
			sourceTree = "<group>";
		};
		5701EC5A2360F82C004A4EAA /* Frameworks */ = {
			isa = PBXGroup;
			children = (
				5701EC5B2360F82C004A4EAA /* NotificationCenter.framework */,
			);
			name = Frameworks;
			sourceTree = "<group>";
		};
		5701EC5D2360F82C004A4EAA /* Widget */ = {
			isa = PBXGroup;
			children = (
				5701EC6C2360FA43004A4EAA /* Widget.entitlements */,
				5701EC5E2360F82C004A4EAA /* TodayViewController.swift */,
				5701EC602360F82C004A4EAA /* MainInterface.storyboard */,
				5701EC632360F82C004A4EAA /* Info.plist */,
			);
			path = Widget;
			sourceTree = "<group>";
		};
/* End PBXGroup section */

/* Begin PBXNativeTarget section */
		5701EC3D2360F1C2004A4EAA /* Polyglot */ = {
			isa = PBXNativeTarget;
			buildConfigurationList = 5701EC522360F1C4004A4EAA /* Build configuration list for PBXNativeTarget "Polyglot" */;
			buildPhases = (
				5701EC3A2360F1C2004A4EAA /* Sources */,
				5701EC3B2360F1C2004A4EAA /* Frameworks */,
				5701EC3C2360F1C2004A4EAA /* Resources */,
				5701EC6A2360F82C004A4EAA /* Embed App Extensions */,
			);
			buildRules = (
			);
			dependencies = (
				5701EC652360F82C004A4EAA /* PBXTargetDependency */,
			);
			name = Polyglot;
			productName = Polyglot;
			productReference = 5701EC3E2360F1C2004A4EAA /* Polyglot.app */;
			productType = "com.apple.product-type.application";
		};
		5701EC582360F82C004A4EAA /* Widget */ = {
			isa = PBXNativeTarget;
			buildConfigurationList = 5701EC672360F82C004A4EAA /* Build configuration list for PBXNativeTarget "Widget" */;
			buildPhases = (
				5701EC552360F82C004A4EAA /* Sources */,
				5701EC562360F82C004A4EAA /* Frameworks */,
				5701EC572360F82C004A4EAA /* Resources */,
			);
			buildRules = (
			);
			dependencies = (
			);
			name = Widget;
			productName = Widget;
			productReference = 5701EC592360F82C004A4EAA /* Widget.appex */;
			productType = "com.apple.product-type.app-extension";
		};
/* End PBXNativeTarget section */

/* Begin PBXProject section */
		5701EC362360F1C2004A4EAA /* Project object */ = {
			isa = PBXProject;
			attributes = {
				LastSwiftUpdateCheck = 1110;
				LastUpgradeCheck = 1110;
				ORGANIZATIONNAME = "Zachary Frew";
				TargetAttributes = {
					5701EC3D2360F1C2004A4EAA = {
						CreatedOnToolsVersion = 11.1;
					};
					5701EC582360F82C004A4EAA = {
						CreatedOnToolsVersion = 11.1;
					};
				};
			};
			buildConfigurationList = 5701EC392360F1C2004A4EAA /* Build configuration list for PBXProject "Polyglot" */;
			compatibilityVersion = "Xcode 9.3";
			developmentRegion = en;
			hasScannedForEncodings = 0;
			knownRegions = (
				en,
				Base,
			);
			mainGroup = 5701EC352360F1C2004A4EAA;
			productRefGroup = 5701EC3F2360F1C2004A4EAA /* Products */;
			projectDirPath = "";
			projectRoot = "";
			targets = (
				5701EC3D2360F1C2004A4EAA /* Polyglot */,
				5701EC582360F82C004A4EAA /* Widget */,
			);
		};
/* End PBXProject section */

/* Begin PBXResourcesBuildPhase section */
		5701EC3C2360F1C2004A4EAA /* Resources */ = {
			isa = PBXResourcesBuildPhase;
			buildActionMask = 2147483647;
			files = (
				5701EC4E2360F1C4004A4EAA /* LaunchScreen.storyboard in Resources */,
				5701EC4B2360F1C4004A4EAA /* Assets.xcassets in Resources */,
				5701EC492360F1C2004A4EAA /* Main.storyboard in Resources */,
			);
			runOnlyForDeploymentPostprocessing = 0;
		};
		5701EC572360F82C004A4EAA /* Resources */ = {
			isa = PBXResourcesBuildPhase;
			buildActionMask = 2147483647;
			files = (
				5701EC622360F82C004A4EAA /* MainInterface.storyboard in Resources */,
			);
			runOnlyForDeploymentPostprocessing = 0;
		};
/* End PBXResourcesBuildPhase section */

/* Begin PBXSourcesBuildPhase section */
		5701EC3A2360F1C2004A4EAA /* Sources */ = {
			isa = PBXSourcesBuildPhase;
			buildActionMask = 2147483647;
			files = (
				5701EC462360F1C2004A4EAA /* ViewController.swift in Sources */,
				5701EC9123632F29004A4EAA /* TestViewController.swift in Sources */,
				5701EC422360F1C2004A4EAA /* AppDelegate.swift in Sources */,
				5701EC442360F1C2004A4EAA /* SceneDelegate.swift in Sources */,
			);
			runOnlyForDeploymentPostprocessing = 0;
		};
		5701EC552360F82C004A4EAA /* Sources */ = {
			isa = PBXSourcesBuildPhase;
			buildActionMask = 2147483647;
			files = (
				5701EC5F2360F82C004A4EAA /* TodayViewController.swift in Sources */,
			);
			runOnlyForDeploymentPostprocessing = 0;
		};
/* End PBXSourcesBuildPhase section */

/* Begin PBXTargetDependency section */
		5701EC652360F82C004A4EAA /* PBXTargetDependency */ = {
			isa = PBXTargetDependency;
			target = 5701EC582360F82C004A4EAA /* Widget */;
			targetProxy = 5701EC642360F82C004A4EAA /* PBXContainerItemProxy */;
		};
/* End PBXTargetDependency section */

/* Begin PBXVariantGroup section */
		5701EC472360F1C2004A4EAA /* Main.storyboard */ = {
			isa = PBXVariantGroup;
			children = (
				5701EC482360F1C2004A4EAA /* Base */,
			);
			name = Main.storyboard;
			sourceTree = "<group>";
		};
		5701EC4C2360F1C4004A4EAA /* LaunchScreen.storyboard */ = {
			isa = PBXVariantGroup;
			children = (
				5701EC4D2360F1C4004A4EAA /* Base */,
			);
			name = LaunchScreen.storyboard;
			sourceTree = "<group>";
		};
		5701EC602360F82C004A4EAA /* MainInterface.storyboard */ = {
			isa = PBXVariantGroup;
			children = (
				5701EC612360F82C004A4EAA /* Base */,
			);
			name = MainInterface.storyboard;
			sourceTree = "<group>";
		};
/* End PBXVariantGroup section */

/* Begin XCBuildConfiguration section */
		5701EC502360F1C4004A4EAA /* Debug */ = {
			isa = XCBuildConfiguration;
			buildSettings = {
				ALWAYS_SEARCH_USER_PATHS = NO;
				CLANG_ANALYZER_NONNULL = YES;
				CLANG_ANALYZER_NUMBER_OBJECT_CONVERSION = YES_AGGRESSIVE;
				CLANG_CXX_LANGUAGE_STANDARD = "gnu++14";
				CLANG_CXX_LIBRARY = "libc++";
				CLANG_ENABLE_MODULES = YES;
				CLANG_ENABLE_OBJC_ARC = YES;
				CLANG_ENABLE_OBJC_WEAK = YES;
				CLANG_WARN_BLOCK_CAPTURE_AUTORELEASING = YES;
				CLANG_WARN_BOOL_CONVERSION = YES;
				CLANG_WARN_COMMA = YES;
				CLANG_WARN_CONSTANT_CONVERSION = YES;
				CLANG_WARN_DEPRECATED_OBJC_IMPLEMENTATIONS = YES;
				CLANG_WARN_DIRECT_OBJC_ISA_USAGE = YES_ERROR;
				CLANG_WARN_DOCUMENTATION_COMMENTS = YES;
				CLANG_WARN_EMPTY_BODY = YES;
				CLANG_WARN_ENUM_CONVERSION = YES;
				CLANG_WARN_INFINITE_RECURSION = YES;
				CLANG_WARN_INT_CONVERSION = YES;
				CLANG_WARN_NON_LITERAL_NULL_CONVERSION = YES;
				CLANG_WARN_OBJC_IMPLICIT_RETAIN_SELF = YES;
				CLANG_WARN_OBJC_LITERAL_CONVERSION = YES;
				CLANG_WARN_OBJC_ROOT_CLASS = YES_ERROR;
				CLANG_WARN_RANGE_LOOP_ANALYSIS = YES;
				CLANG_WARN_STRICT_PROTOTYPES = YES;
				CLANG_WARN_SUSPICIOUS_MOVE = YES;
				CLANG_WARN_UNGUARDED_AVAILABILITY = YES_AGGRESSIVE;
				CLANG_WARN_UNREACHABLE_CODE = YES;
				CLANG_WARN__DUPLICATE_METHOD_MATCH = YES;
				COPY_PHASE_STRIP = NO;
				DEBUG_INFORMATION_FORMAT = dwarf;
				ENABLE_STRICT_OBJC_MSGSEND = YES;
				ENABLE_TESTABILITY = YES;
				GCC_C_LANGUAGE_STANDARD = gnu11;
				GCC_DYNAMIC_NO_PIC = NO;
				GCC_NO_COMMON_BLOCKS = YES;
				GCC_OPTIMIZATION_LEVEL = 0;
				GCC_PREPROCESSOR_DEFINITIONS = (
					"DEBUG=1",
					"$(inherited)",
				);
				GCC_WARN_64_TO_32_BIT_CONVERSION = YES;
				GCC_WARN_ABOUT_RETURN_TYPE = YES_ERROR;
				GCC_WARN_UNDECLARED_SELECTOR = YES;
				GCC_WARN_UNINITIALIZED_AUTOS = YES_AGGRESSIVE;
				GCC_WARN_UNUSED_FUNCTION = YES;
				GCC_WARN_UNUSED_VARIABLE = YES;
				IPHONEOS_DEPLOYMENT_TARGET = 13.1;
				MTL_ENABLE_DEBUG_INFO = INCLUDE_SOURCE;
				MTL_FAST_MATH = YES;
				ONLY_ACTIVE_ARCH = YES;
				SDKROOT = iphoneos;
				SWIFT_ACTIVE_COMPILATION_CONDITIONS = DEBUG;
				SWIFT_OPTIMIZATION_LEVEL = "-Onone";
			};
			name = Debug;
		};
		5701EC512360F1C4004A4EAA /* Release */ = {
			isa = XCBuildConfiguration;
			buildSettings = {
				ALWAYS_SEARCH_USER_PATHS = NO;
				CLANG_ANALYZER_NONNULL = YES;
				CLANG_ANALYZER_NUMBER_OBJECT_CONVERSION = YES_AGGRESSIVE;
				CLANG_CXX_LANGUAGE_STANDARD = "gnu++14";
				CLANG_CXX_LIBRARY = "libc++";
				CLANG_ENABLE_MODULES = YES;
				CLANG_ENABLE_OBJC_ARC = YES;
				CLANG_ENABLE_OBJC_WEAK = YES;
				CLANG_WARN_BLOCK_CAPTURE_AUTORELEASING = YES;
				CLANG_WARN_BOOL_CONVERSION = YES;
				CLANG_WARN_COMMA = YES;
				CLANG_WARN_CONSTANT_CONVERSION = YES;
				CLANG_WARN_DEPRECATED_OBJC_IMPLEMENTATIONS = YES;
				CLANG_WARN_DIRECT_OBJC_ISA_USAGE = YES_ERROR;
				CLANG_WARN_DOCUMENTATION_COMMENTS = YES;
				CLANG_WARN_EMPTY_BODY = YES;
				CLANG_WARN_ENUM_CONVERSION = YES;
				CLANG_WARN_INFINITE_RECURSION = YES;
				CLANG_WARN_INT_CONVERSION = YES;
				CLANG_WARN_NON_LITERAL_NULL_CONVERSION = YES;
				CLANG_WARN_OBJC_IMPLICIT_RETAIN_SELF = YES;
				CLANG_WARN_OBJC_LITERAL_CONVERSION = YES;
				CLANG_WARN_OBJC_ROOT_CLASS = YES_ERROR;
				CLANG_WARN_RANGE_LOOP_ANALYSIS = YES;
				CLANG_WARN_STRICT_PROTOTYPES = YES;
				CLANG_WARN_SUSPICIOUS_MOVE = YES;
				CLANG_WARN_UNGUARDED_AVAILABILITY = YES_AGGRESSIVE;
				CLANG_WARN_UNREACHABLE_CODE = YES;
				CLANG_WARN__DUPLICATE_METHOD_MATCH = YES;
				COPY_PHASE_STRIP = NO;
				DEBUG_INFORMATION_FORMAT = "dwarf-with-dsym";
				ENABLE_NS_ASSERTIONS = NO;
				ENABLE_STRICT_OBJC_MSGSEND = YES;
				GCC_C_LANGUAGE_STANDARD = gnu11;
				GCC_NO_COMMON_BLOCKS = YES;
				GCC_WARN_64_TO_32_BIT_CONVERSION = YES;
				GCC_WARN_ABOUT_RETURN_TYPE = YES_ERROR;
				GCC_WARN_UNDECLARED_SELECTOR = YES;
				GCC_WARN_UNINITIALIZED_AUTOS = YES_AGGRESSIVE;
				GCC_WARN_UNUSED_FUNCTION = YES;
				GCC_WARN_UNUSED_VARIABLE = YES;
				IPHONEOS_DEPLOYMENT_TARGET = 13.1;
				MTL_ENABLE_DEBUG_INFO = NO;
				MTL_FAST_MATH = YES;
				SDKROOT = iphoneos;
				SWIFT_COMPILATION_MODE = wholemodule;
				SWIFT_OPTIMIZATION_LEVEL = "-O";
				VALIDATE_PRODUCT = YES;
			};
			name = Release;
		};
		5701EC532360F1C4004A4EAA /* Debug */ = {
			isa = XCBuildConfiguration;
			buildSettings = {
				ALWAYS_EMBED_SWIFT_STANDARD_LIBRARIES = YES;
				ASSETCATALOG_COMPILER_APPICON_NAME = AppIcon;
				CODE_SIGN_ENTITLEMENTS = Polyglot/Polyglot.entitlements;
				CODE_SIGN_STYLE = Automatic;
				DEVELOPMENT_TEAM = TML83P7F4U;
				INFOPLIST_FILE = Polyglot/Info.plist;
				LD_RUNPATH_SEARCH_PATHS = (
					"$(inherited)",
					"@executable_path/Frameworks",
				);
				PRODUCT_BUNDLE_IDENTIFIER = com.zachfrew.Polyglot;
				PRODUCT_NAME = "$(TARGET_NAME)";
				SWIFT_VERSION = 5.0;
				TARGETED_DEVICE_FAMILY = "1,2";
			};
			name = Debug;
		};
		5701EC542360F1C4004A4EAA /* Release */ = {
			isa = XCBuildConfiguration;
			buildSettings = {
				ALWAYS_EMBED_SWIFT_STANDARD_LIBRARIES = YES;
				ASSETCATALOG_COMPILER_APPICON_NAME = AppIcon;
				CODE_SIGN_ENTITLEMENTS = Polyglot/Polyglot.entitlements;
				CODE_SIGN_STYLE = Automatic;
				DEVELOPMENT_TEAM = TML83P7F4U;
				INFOPLIST_FILE = Polyglot/Info.plist;
				LD_RUNPATH_SEARCH_PATHS = (
					"$(inherited)",
					"@executable_path/Frameworks",
				);
				PRODUCT_BUNDLE_IDENTIFIER = com.zachfrew.Polyglot;
				PRODUCT_NAME = "$(TARGET_NAME)";
				SWIFT_VERSION = 5.0;
				TARGETED_DEVICE_FAMILY = "1,2";
			};
			name = Release;
		};
		5701EC682360F82C004A4EAA /* Debug */ = {
			isa = XCBuildConfiguration;
			buildSettings = {
				CODE_SIGN_ENTITLEMENTS = Widget/Widget.entitlements;
				CODE_SIGN_STYLE = Automatic;
				DEVELOPMENT_TEAM = TML83P7F4U;
				INFOPLIST_FILE = Widget/Info.plist;
				LD_RUNPATH_SEARCH_PATHS = (
					"$(inherited)",
					"@executable_path/Frameworks",
					"@executable_path/../../Frameworks",
				);
				PRODUCT_BUNDLE_IDENTIFIER = com.zachfrew.Polyglot.Widget;
				PRODUCT_NAME = "$(TARGET_NAME)";
				SKIP_INSTALL = YES;
				SWIFT_VERSION = 5.0;
				TARGETED_DEVICE_FAMILY = "1,2";
			};
			name = Debug;
		};
		5701EC692360F82C004A4EAA /* Release */ = {
			isa = XCBuildConfiguration;
			buildSettings = {
				CODE_SIGN_ENTITLEMENTS = Widget/Widget.entitlements;
				CODE_SIGN_STYLE = Automatic;
				DEVELOPMENT_TEAM = TML83P7F4U;
				INFOPLIST_FILE = Widget/Info.plist;
				LD_RUNPATH_SEARCH_PATHS = (
					"$(inherited)",
					"@executable_path/Frameworks",
					"@executable_path/../../Frameworks",
				);
				PRODUCT_BUNDLE_IDENTIFIER = com.zachfrew.Polyglot.Widget;
				PRODUCT_NAME = "$(TARGET_NAME)";
				SKIP_INSTALL = YES;
				SWIFT_VERSION = 5.0;
				TARGETED_DEVICE_FAMILY = "1,2";
			};
			name = Release;
		};
/* End XCBuildConfiguration section */

/* Begin XCConfigurationList section */
		5701EC392360F1C2004A4EAA /* Build configuration list for PBXProject "Polyglot" */ = {
			isa = XCConfigurationList;
			buildConfigurations = (
				5701EC502360F1C4004A4EAA /* Debug */,
				5701EC512360F1C4004A4EAA /* Release */,
			);
			defaultConfigurationIsVisible = 0;
			defaultConfigurationName = Release;
		};
		5701EC522360F1C4004A4EAA /* Build configuration list for PBXNativeTarget "Polyglot" */ = {
			isa = XCConfigurationList;
			buildConfigurations = (
				5701EC532360F1C4004A4EAA /* Debug */,
				5701EC542360F1C4004A4EAA /* Release */,
			);
			defaultConfigurationIsVisible = 0;
			defaultConfigurationName = Release;
		};
		5701EC672360F82C004A4EAA /* Build configuration list for PBXNativeTarget "Widget" */ = {
			isa = XCConfigurationList;
			buildConfigurations = (
				5701EC682360F82C004A4EAA /* Debug */,
				5701EC692360F82C004A4EAA /* Release */,
			);
			defaultConfigurationIsVisible = 0;
			defaultConfigurationName = Release;
		};
/* End XCConfigurationList section */
	};
	rootObject = 5701EC362360F1C2004A4EAA /* Project object */;
}
