// !$*UTF8*$!
{
	archiveVersion = 1;
	classes = {
	};
	objectVersion = 50;
	objects = {

/* Begin PBXBuildFile section */
		57C3C548239FF0F500606531 /* AppDelegate.swift in Sources */ = {isa = PBXBuildFile; fileRef = 57C3C547239FF0F500606531 /* AppDelegate.swift */; };
		57C3C54A239FF0F500606531 /* SceneDelegate.swift in Sources */ = {isa = PBXBuildFile; fileRef = 57C3C549239FF0F500606531 /* SceneDelegate.swift */; };
		57C3C54C239FF0F500606531 /* ViewController.swift in Sources */ = {isa = PBXBuildFile; fileRef = 57C3C54B239FF0F500606531 /* ViewController.swift */; };
		57C3C54F239FF0F500606531 /* Main.storyboard in Resources */ = {isa = PBXBuildFile; fileRef = 57C3C54D239FF0F500606531 /* Main.storyboard */; };
		57C3C551239FF0F700606531 /* Assets.xcassets in Resources */ = {isa = PBXBuildFile; fileRef = 57C3C550239FF0F700606531 /* Assets.xcassets */; };
		57C3C554239FF0F700606531 /* LaunchScreen.storyboard in Resources */ = {isa = PBXBuildFile; fileRef = 57C3C552239FF0F700606531 /* LaunchScreen.storyboard */; };
		57C3C55C239FF10F00606531 /* CapturePreviewView.swift in Sources */ = {isa = PBXBuildFile; fileRef = 57C3C55B239FF10F00606531 /* CapturePreviewView.swift */; };
/* End PBXBuildFile section */

/* Begin PBXFileReference section */
		57C3C544239FF0F500606531 /* PaleoCam.app */ = {isa = PBXFileReference; explicitFileType = wrapper.application; includeInIndex = 0; path = PaleoCam.app; sourceTree = BUILT_PRODUCTS_DIR; };
		57C3C547239FF0F500606531 /* AppDelegate.swift */ = {isa = PBXFileReference; lastKnownFileType = sourcecode.swift; path = AppDelegate.swift; sourceTree = "<group>"; };
		57C3C549239FF0F500606531 /* SceneDelegate.swift */ = {isa = PBXFileReference; lastKnownFileType = sourcecode.swift; path = SceneDelegate.swift; sourceTree = "<group>"; };
		57C3C54B239FF0F500606531 /* ViewController.swift */ = {isa = PBXFileReference; lastKnownFileType = sourcecode.swift; path = ViewController.swift; sourceTree = "<group>"; };
		57C3C54E239FF0F500606531 /* Base */ = {isa = PBXFileReference; lastKnownFileType = file.storyboard; name = Base; path = Base.lproj/Main.storyboard; sourceTree = "<group>"; };
		57C3C550239FF0F700606531 /* Assets.xcassets */ = {isa = PBXFileReference; lastKnownFileType = folder.assetcatalog; path = Assets.xcassets; sourceTree = "<group>"; };
		57C3C553239FF0F700606531 /* Base */ = {isa = PBXFileReference; lastKnownFileType = file.storyboard; name = Base; path = Base.lproj/LaunchScreen.storyboard; sourceTree = "<group>"; };
		57C3C555239FF0F700606531 /* Info.plist */ = {isa = PBXFileReference; lastKnownFileType = text.plist.xml; path = Info.plist; sourceTree = "<group>"; };
		57C3C55B239FF10F00606531 /* CapturePreviewView.swift */ = {isa = PBXFileReference; lastKnownFileType = sourcecode.swift; name = CapturePreviewView.swift; path = PaleoCam/CapturePreviewView.swift; sourceTree = "<group>"; };
/* End PBXFileReference section */

/* Begin PBXFrameworksBuildPhase section */
		57C3C541239FF0F500606531 /* Frameworks */ = {
			isa = PBXFrameworksBuildPhase;
			buildActionMask = 2147483647;
			files = (
			);
			runOnlyForDeploymentPostprocessing = 0;
		};
/* End PBXFrameworksBuildPhase section */

/* Begin PBXGroup section */
		57C3C53B239FF0F500606531 = {
			isa = PBXGroup;
			children = (
				57C3C55B239FF10F00606531 /* CapturePreviewView.swift */,
				57C3C546239FF0F500606531 /* PaleoCam */,
				57C3C545239FF0F500606531 /* Products */,
			);
			sourceTree = "<group>";
		};
		57C3C545239FF0F500606531 /* Products */ = {
			isa = PBXGroup;
			children = (
				57C3C544239FF0F500606531 /* PaleoCam.app */,
			);
			name = Products;
			sourceTree = "<group>";
		};
		57C3C546239FF0F500606531 /* PaleoCam */ = {
			isa = PBXGroup;
			children = (
				57C3C547239FF0F500606531 /* AppDelegate.swift */,
				57C3C549239FF0F500606531 /* SceneDelegate.swift */,
				57C3C54B239FF0F500606531 /* ViewController.swift */,
				57C3C54D239FF0F500606531 /* Main.storyboard */,
				57C3C550239FF0F700606531 /* Assets.xcassets */,
				57C3C552239FF0F700606531 /* LaunchScreen.storyboard */,
				57C3C555239FF0F700606531 /* Info.plist */,
			);
			path = PaleoCam;
			sourceTree = "<group>";
		};
/* End PBXGroup section */

/* Begin PBXNativeTarget section */
		57C3C543239FF0F500606531 /* PaleoCam */ = {
			isa = PBXNativeTarget;
			buildConfigurationList = 57C3C558239FF0F700606531 /* Build configuration list for PBXNativeTarget "PaleoCam" */;
			buildPhases = (
				57C3C540239FF0F500606531 /* Sources */,
				57C3C541239FF0F500606531 /* Frameworks */,
				57C3C542239FF0F500606531 /* Resources */,
			);
			buildRules = (
			);
			dependencies = (
			);
			name = PaleoCam;
			productName = PaleoCam;
			productReference = 57C3C544239FF0F500606531 /* PaleoCam.app */;
			productType = "com.apple.product-type.application";
		};
/* End PBXNativeTarget section */

/* Begin PBXProject section */
		57C3C53C239FF0F500606531 /* Project object */ = {
			isa = PBXProject;
			attributes = {
				LastSwiftUpdateCheck = 1120;
				LastUpgradeCheck = 1120;
				ORGANIZATIONNAME = "Zach Frew";
				TargetAttributes = {
					57C3C543239FF0F500606531 = {
						CreatedOnToolsVersion = 11.2.1;
					};
				};
			};
			buildConfigurationList = 57C3C53F239FF0F500606531 /* Build configuration list for PBXProject "PaleoCam" */;
			compatibilityVersion = "Xcode 9.3";
			developmentRegion = en;
			hasScannedForEncodings = 0;
			knownRegions = (
				en,
				Base,
			);
			mainGroup = 57C3C53B239FF0F500606531;
			productRefGroup = 57C3C545239FF0F500606531 /* Products */;
			projectDirPath = "";
			projectRoot = "";
			targets = (
				57C3C543239FF0F500606531 /* PaleoCam */,
			);
		};
/* End PBXProject section */

/* Begin PBXResourcesBuildPhase section */
		57C3C542239FF0F500606531 /* Resources */ = {
			isa = PBXResourcesBuildPhase;
			buildActionMask = 2147483647;
			files = (
				57C3C554239FF0F700606531 /* LaunchScreen.storyboard in Resources */,
				57C3C551239FF0F700606531 /* Assets.xcassets in Resources */,
				57C3C54F239FF0F500606531 /* Main.storyboard in Resources */,
			);
			runOnlyForDeploymentPostprocessing = 0;
		};
/* End PBXResourcesBuildPhase section */

/* Begin PBXSourcesBuildPhase section */
		57C3C540239FF0F500606531 /* Sources */ = {
			isa = PBXSourcesBuildPhase;
			buildActionMask = 2147483647;
			files = (
				57C3C55C239FF10F00606531 /* CapturePreviewView.swift in Sources */,
				57C3C54C239FF0F500606531 /* ViewController.swift in Sources */,
				57C3C548239FF0F500606531 /* AppDelegate.swift in Sources */,
				57C3C54A239FF0F500606531 /* SceneDelegate.swift in Sources */,
			);
			runOnlyForDeploymentPostprocessing = 0;
		};
/* End PBXSourcesBuildPhase section */

/* Begin PBXVariantGroup section */
		57C3C54D239FF0F500606531 /* Main.storyboard */ = {
			isa = PBXVariantGroup;
			children = (
				57C3C54E239FF0F500606531 /* Base */,
			);
			name = Main.storyboard;
			sourceTree = "<group>";
		};
		57C3C552239FF0F700606531 /* LaunchScreen.storyboard */ = {
			isa = PBXVariantGroup;
			children = (
				57C3C553239FF0F700606531 /* Base */,
			);
			name = LaunchScreen.storyboard;
			sourceTree = "<group>";
		};
/* End PBXVariantGroup section */

/* Begin XCBuildConfiguration section */
		57C3C556239FF0F700606531 /* Debug */ = {
			isa = XCBuildConfiguration;
			buildSettings = {
				ALWAYS_SEARCH_USER_PATHS = NO;
				CLANG_ANALYZER_NONNULL = YES;
				CLANG_ANALYZER_NUMBER_OBJECT_CONVERSION = YES_AGGRESSIVE;
				CLANG_CXX_LANGUAGE_STANDARD = "gnu++14";
				CLANG_CXX_LIBRARY = "libc++";
				CLANG_ENABLE_MODULES = YES;
				CLANG_ENABLE_OBJC_ARC = YES;
				CLANG_ENABLE_OBJC_WEAK = YES;
				CLANG_WARN_BLOCK_CAPTURE_AUTORELEASING = YES;
				CLANG_WARN_BOOL_CONVERSION = YES;
				CLANG_WARN_COMMA = YES;
				CLANG_WARN_CONSTANT_CONVERSION = YES;
				CLANG_WARN_DEPRECATED_OBJC_IMPLEMENTATIONS = YES;
				CLANG_WARN_DIRECT_OBJC_ISA_USAGE = YES_ERROR;
				CLANG_WARN_DOCUMENTATION_COMMENTS = YES;
				CLANG_WARN_EMPTY_BODY = YES;
				CLANG_WARN_ENUM_CONVERSION = YES;
				CLANG_WARN_INFINITE_RECURSION = YES;
				CLANG_WARN_INT_CONVERSION = YES;
				CLANG_WARN_NON_LITERAL_NULL_CONVERSION = YES;
				CLANG_WARN_OBJC_IMPLICIT_RETAIN_SELF = YES;
				CLANG_WARN_OBJC_LITERAL_CONVERSION = YES;
				CLANG_WARN_OBJC_ROOT_CLASS = YES_ERROR;
				CLANG_WARN_RANGE_LOOP_ANALYSIS = YES;
				CLANG_WARN_STRICT_PROTOTYPES = YES;
				CLANG_WARN_SUSPICIOUS_MOVE = YES;
				CLANG_WARN_UNGUARDED_AVAILABILITY = YES_AGGRESSIVE;
				CLANG_WARN_UNREACHABLE_CODE = YES;
				CLANG_WARN__DUPLICATE_METHOD_MATCH = YES;
				COPY_PHASE_STRIP = NO;
				DEBUG_INFORMATION_FORMAT = dwarf;
				ENABLE_STRICT_OBJC_MSGSEND = YES;
				ENABLE_TESTABILITY = YES;
				GCC_C_LANGUAGE_STANDARD = gnu11;
				GCC_DYNAMIC_NO_PIC = NO;
				GCC_NO_COMMON_BLOCKS = YES;
				GCC_OPTIMIZATION_LEVEL = 0;
				GCC_PREPROCESSOR_DEFINITIONS = (
					"DEBUG=1",
					"$(inherited)",
				);
				GCC_WARN_64_TO_32_BIT_CONVERSION = YES;
				GCC_WARN_ABOUT_RETURN_TYPE = YES_ERROR;
				GCC_WARN_UNDECLARED_SELECTOR = YES;
				GCC_WARN_UNINITIALIZED_AUTOS = YES_AGGRESSIVE;
				GCC_WARN_UNUSED_FUNCTION = YES;
				GCC_WARN_UNUSED_VARIABLE = YES;
				IPHONEOS_DEPLOYMENT_TARGET = 13.2;
				MTL_ENABLE_DEBUG_INFO = INCLUDE_SOURCE;
				MTL_FAST_MATH = YES;
				ONLY_ACTIVE_ARCH = YES;
				SDKROOT = iphoneos;
				SWIFT_ACTIVE_COMPILATION_CONDITIONS = DEBUG;
				SWIFT_OPTIMIZATION_LEVEL = "-Onone";
			};
			name = Debug;
		};
		57C3C557239FF0F700606531 /* Release */ = {
			isa = XCBuildConfiguration;
			buildSettings = {
				ALWAYS_SEARCH_USER_PATHS = NO;
				CLANG_ANALYZER_NONNULL = YES;
				CLANG_ANALYZER_NUMBER_OBJECT_CONVERSION = YES_AGGRESSIVE;
				CLANG_CXX_LANGUAGE_STANDARD = "gnu++14";
				CLANG_CXX_LIBRARY = "libc++";
				CLANG_ENABLE_MODULES = YES;
				CLANG_ENABLE_OBJC_ARC = YES;
				CLANG_ENABLE_OBJC_WEAK = YES;
				CLANG_WARN_BLOCK_CAPTURE_AUTORELEASING = YES;
				CLANG_WARN_BOOL_CONVERSION = YES;
				CLANG_WARN_COMMA = YES;
				CLANG_WARN_CONSTANT_CONVERSION = YES;
				CLANG_WARN_DEPRECATED_OBJC_IMPLEMENTATIONS = YES;
				CLANG_WARN_DIRECT_OBJC_ISA_USAGE = YES_ERROR;
				CLANG_WARN_DOCUMENTATION_COMMENTS = YES;
				CLANG_WARN_EMPTY_BODY = YES;
				CLANG_WARN_ENUM_CONVERSION = YES;
				CLANG_WARN_INFINITE_RECURSION = YES;
				CLANG_WARN_INT_CONVERSION = YES;
				CLANG_WARN_NON_LITERAL_NULL_CONVERSION = YES;
				CLANG_WARN_OBJC_IMPLICIT_RETAIN_SELF = YES;
				CLANG_WARN_OBJC_LITERAL_CONVERSION = YES;
				CLANG_WARN_OBJC_ROOT_CLASS = YES_ERROR;
				CLANG_WARN_RANGE_LOOP_ANALYSIS = YES;
				CLANG_WARN_STRICT_PROTOTYPES = YES;
				CLANG_WARN_SUSPICIOUS_MOVE = YES;
				CLANG_WARN_UNGUARDED_AVAILABILITY = YES_AGGRESSIVE;
				CLANG_WARN_UNREACHABLE_CODE = YES;
				CLANG_WARN__DUPLICATE_METHOD_MATCH = YES;
				COPY_PHASE_STRIP = NO;
				DEBUG_INFORMATION_FORMAT = "dwarf-with-dsym";
				ENABLE_NS_ASSERTIONS = NO;
				ENABLE_STRICT_OBJC_MSGSEND = YES;
				GCC_C_LANGUAGE_STANDARD = gnu11;
				GCC_NO_COMMON_BLOCKS = YES;
				GCC_WARN_64_TO_32_BIT_CONVERSION = YES;
				GCC_WARN_ABOUT_RETURN_TYPE = YES_ERROR;
				GCC_WARN_UNDECLARED_SELECTOR = YES;
				GCC_WARN_UNINITIALIZED_AUTOS = YES_AGGRESSIVE;
				GCC_WARN_UNUSED_FUNCTION = YES;
				GCC_WARN_UNUSED_VARIABLE = YES;
				IPHONEOS_DEPLOYMENT_TARGET = 13.2;
				MTL_ENABLE_DEBUG_INFO = NO;
				MTL_FAST_MATH = YES;
				SDKROOT = iphoneos;
				SWIFT_COMPILATION_MODE = wholemodule;
				SWIFT_OPTIMIZATION_LEVEL = "-O";
				VALIDATE_PRODUCT = YES;
			};
			name = Release;
		};
		57C3C559239FF0F700606531 /* Debug */ = {
			isa = XCBuildConfiguration;
			buildSettings = {
				ASSETCATALOG_COMPILER_APPICON_NAME = AppIcon;
				CODE_SIGN_STYLE = Automatic;
				DEVELOPMENT_TEAM = TML83P7F4U;
				INFOPLIST_FILE = PaleoCam/Info.plist;
				LD_RUNPATH_SEARCH_PATHS = (
					"$(inherited)",
					"@executable_path/Frameworks",
				);
				PRODUCT_BUNDLE_IDENTIFIER = com.zachfrew.PaleoCam;
				PRODUCT_NAME = "$(TARGET_NAME)";
				SWIFT_VERSION = 5.0;
				TARGETED_DEVICE_FAMILY = "1,2";
			};
			name = Debug;
		};
		57C3C55A239FF0F700606531 /* Release */ = {
			isa = XCBuildConfiguration;
			buildSettings = {
				ASSETCATALOG_COMPILER_APPICON_NAME = AppIcon;
				CODE_SIGN_STYLE = Automatic;
				DEVELOPMENT_TEAM = TML83P7F4U;
				INFOPLIST_FILE = PaleoCam/Info.plist;
				LD_RUNPATH_SEARCH_PATHS = (
					"$(inherited)",
					"@executable_path/Frameworks",
				);
				PRODUCT_BUNDLE_IDENTIFIER = com.zachfrew.PaleoCam;
				PRODUCT_NAME = "$(TARGET_NAME)";
				SWIFT_VERSION = 5.0;
				TARGETED_DEVICE_FAMILY = "1,2";
			};
			name = Release;
		};
/* End XCBuildConfiguration section */

/* Begin XCConfigurationList section */
		57C3C53F239FF0F500606531 /* Build configuration list for PBXProject "PaleoCam" */ = {
			isa = XCConfigurationList;
			buildConfigurations = (
				57C3C556239FF0F700606531 /* Debug */,
				57C3C557239FF0F700606531 /* Release */,
			);
			defaultConfigurationIsVisible = 0;
			defaultConfigurationName = Release;
		};
		57C3C558239FF0F700606531 /* Build configuration list for PBXNativeTarget "PaleoCam" */ = {
			isa = XCConfigurationList;
			buildConfigurations = (
				57C3C559239FF0F700606531 /* Debug */,
				57C3C55A239FF0F700606531 /* Release */,
			);
			defaultConfigurationIsVisible = 0;
			defaultConfigurationName = Release;
		};
/* End XCConfigurationList section */
	};
	rootObject = 57C3C53C239FF0F500606531 /* Project object */;
}
