// !$*UTF8*$!
{
	archiveVersion = 1;
	classes = {
	};
	objectVersion = 50;
	objects = {

/* Begin PBXBuildFile section */
		570813CA2395A5AB009BB597 /* AppDelegate.swift in Sources */ = {isa = PBXBuildFile; fileRef = 570813C92395A5AB009BB597 /* AppDelegate.swift */; };
		570813CC2395A5AB009BB597 /* GameScene.sks in Resources */ = {isa = PBXBuildFile; fileRef = 570813CB2395A5AB009BB597 /* GameScene.sks */; };
		570813D02395A5AB009BB597 /* GameScene.swift in Sources */ = {isa = PBXBuildFile; fileRef = 570813CF2395A5AB009BB597 /* GameScene.swift */; };
		570813D22395A5AB009BB597 /* GameViewController.swift in Sources */ = {isa = PBXBuildFile; fileRef = 570813D12395A5AB009BB597 /* GameViewController.swift */; };
		570813D52395A5AB009BB597 /* Main.storyboard in Resources */ = {isa = PBXBuildFile; fileRef = 570813D32395A5AB009BB597 /* Main.storyboard */; };
		570813D72395A5AD009BB597 /* Assets.xcassets in Resources */ = {isa = PBXBuildFile; fileRef = 570813D62395A5AD009BB597 /* Assets.xcassets */; };
		570813DA2395A5AD009BB597 /* LaunchScreen.storyboard in Resources */ = {isa = PBXBuildFile; fileRef = 570813D82395A5AD009BB597 /* LaunchScreen.storyboard */; };
		570813E42395A6BD009BB597 /* TileSet.sks in Resources */ = {isa = PBXBuildFile; fileRef = 570813E32395A6BD009BB597 /* TileSet.sks */; };
		5765B537239E960B004615CC /* GameItem.swift in Sources */ = {isa = PBXBuildFile; fileRef = 5765B536239E960B004615CC /* GameItem.swift */; };
		5765B539239E9618004615CC /* Unit.swift in Sources */ = {isa = PBXBuildFile; fileRef = 5765B538239E9618004615CC /* Unit.swift */; };
		5765B53B239E9623004615CC /* Base.swift in Sources */ = {isa = PBXBuildFile; fileRef = 5765B53A239E9623004615CC /* Base.swift */; };
		5765B53D239E9AB0004615CC /* CGPoint+Extension.swift in Sources */ = {isa = PBXBuildFile; fileRef = 5765B53C239E9AB0004615CC /* CGPoint+Extension.swift */; };
		57D7DFAB239EB112004A0214 /* Array+Extension.swift in Sources */ = {isa = PBXBuildFile; fileRef = 57D7DFAA239EB112004A0214 /* Array+Extension.swift */; };
		57D7DFAF239EB88C004A0214 /* Fire.sks in Resources */ = {isa = PBXBuildFile; fileRef = 57D7DFAC239EB88C004A0214 /* Fire.sks */; };
		57D7DFB0239EB88C004A0214 /* Smoke.sks in Resources */ = {isa = PBXBuildFile; fileRef = 57D7DFAD239EB88C004A0214 /* Smoke.sks */; };
		57D7DFB1239EB88C004A0214 /* spark.png in Resources */ = {isa = PBXBuildFile; fileRef = 57D7DFAE239EB88C004A0214 /* spark.png */; };
/* End PBXBuildFile section */

/* Begin PBXFileReference section */
		570813C62395A5AB009BB597 /* DeadStormRising.app */ = {isa = PBXFileReference; explicitFileType = wrapper.application; includeInIndex = 0; path = DeadStormRising.app; sourceTree = BUILT_PRODUCTS_DIR; };
		570813C92395A5AB009BB597 /* AppDelegate.swift */ = {isa = PBXFileReference; lastKnownFileType = sourcecode.swift; path = AppDelegate.swift; sourceTree = "<group>"; };
		570813CB2395A5AB009BB597 /* GameScene.sks */ = {isa = PBXFileReference; lastKnownFileType = file.sks; path = GameScene.sks; sourceTree = "<group>"; };
		570813CF2395A5AB009BB597 /* GameScene.swift */ = {isa = PBXFileReference; lastKnownFileType = sourcecode.swift; path = GameScene.swift; sourceTree = "<group>"; };
		570813D12395A5AB009BB597 /* GameViewController.swift */ = {isa = PBXFileReference; lastKnownFileType = sourcecode.swift; path = GameViewController.swift; sourceTree = "<group>"; };
		570813D42395A5AB009BB597 /* Base */ = {isa = PBXFileReference; lastKnownFileType = file.storyboard; name = Base; path = Base.lproj/Main.storyboard; sourceTree = "<group>"; };
		570813D62395A5AD009BB597 /* Assets.xcassets */ = {isa = PBXFileReference; lastKnownFileType = folder.assetcatalog; path = Assets.xcassets; sourceTree = "<group>"; };
		570813D92395A5AD009BB597 /* Base */ = {isa = PBXFileReference; lastKnownFileType = file.storyboard; name = Base; path = Base.lproj/LaunchScreen.storyboard; sourceTree = "<group>"; };
		570813DB2395A5AD009BB597 /* Info.plist */ = {isa = PBXFileReference; lastKnownFileType = text.plist.xml; path = Info.plist; sourceTree = "<group>"; };
		570813E32395A6BD009BB597 /* TileSet.sks */ = {isa = PBXFileReference; lastKnownFileType = file.sks; path = TileSet.sks; sourceTree = "<group>"; };
		5765B536239E960B004615CC /* GameItem.swift */ = {isa = PBXFileReference; lastKnownFileType = sourcecode.swift; path = GameItem.swift; sourceTree = "<group>"; };
		5765B538239E9618004615CC /* Unit.swift */ = {isa = PBXFileReference; lastKnownFileType = sourcecode.swift; path = Unit.swift; sourceTree = "<group>"; };
		5765B53A239E9623004615CC /* Base.swift */ = {isa = PBXFileReference; lastKnownFileType = sourcecode.swift; path = Base.swift; sourceTree = "<group>"; };
		5765B53C239E9AB0004615CC /* CGPoint+Extension.swift */ = {isa = PBXFileReference; lastKnownFileType = sourcecode.swift; path = "CGPoint+Extension.swift"; sourceTree = "<group>"; };
		57D7DFAA239EB112004A0214 /* Array+Extension.swift */ = {isa = PBXFileReference; lastKnownFileType = sourcecode.swift; path = "Array+Extension.swift"; sourceTree = "<group>"; };
		57D7DFAC239EB88C004A0214 /* Fire.sks */ = {isa = PBXFileReference; lastKnownFileType = file.sks; path = Fire.sks; sourceTree = "<group>"; };
		57D7DFAD239EB88C004A0214 /* Smoke.sks */ = {isa = PBXFileReference; lastKnownFileType = file.sks; path = Smoke.sks; sourceTree = "<group>"; };
		57D7DFAE239EB88C004A0214 /* spark.png */ = {isa = PBXFileReference; lastKnownFileType = image.png; path = spark.png; sourceTree = "<group>"; };
/* End PBXFileReference section */

/* Begin PBXFrameworksBuildPhase section */
		570813C32395A5AB009BB597 /* Frameworks */ = {
			isa = PBXFrameworksBuildPhase;
			buildActionMask = 2147483647;
			files = (
			);
			runOnlyForDeploymentPostprocessing = 0;
		};
/* End PBXFrameworksBuildPhase section */

/* Begin PBXGroup section */
		570813BD2395A5AA009BB597 = {
			isa = PBXGroup;
			children = (
				570813C82395A5AB009BB597 /* DeadStormRising */,
				570813C72395A5AB009BB597 /* Products */,
			);
			sourceTree = "<group>";
		};
		570813C72395A5AB009BB597 /* Products */ = {
			isa = PBXGroup;
			children = (
				570813C62395A5AB009BB597 /* DeadStormRising.app */,
			);
			name = Products;
			sourceTree = "<group>";
		};
		570813C82395A5AB009BB597 /* DeadStormRising */ = {
			isa = PBXGroup;
			children = (
				570813C92395A5AB009BB597 /* AppDelegate.swift */,
				570813CB2395A5AB009BB597 /* GameScene.sks */,
				5765B53C239E9AB0004615CC /* CGPoint+Extension.swift */,
				570813CF2395A5AB009BB597 /* GameScene.swift */,
				5765B536239E960B004615CC /* GameItem.swift */,
				5765B538239E9618004615CC /* Unit.swift */,
				57D7DFAC239EB88C004A0214 /* Fire.sks */,
				57D7DFAD239EB88C004A0214 /* Smoke.sks */,
				57D7DFAE239EB88C004A0214 /* spark.png */,
				5765B53A239E9623004615CC /* Base.swift */,
				570813D12395A5AB009BB597 /* GameViewController.swift */,
				570813E32395A6BD009BB597 /* TileSet.sks */,
				570813D32395A5AB009BB597 /* Main.storyboard */,
				570813D62395A5AD009BB597 /* Assets.xcassets */,
				57D7DFAA239EB112004A0214 /* Array+Extension.swift */,
				570813D82395A5AD009BB597 /* LaunchScreen.storyboard */,
				570813DB2395A5AD009BB597 /* Info.plist */,
			);
			path = DeadStormRising;
			sourceTree = "<group>";
		};
/* End PBXGroup section */

/* Begin PBXNativeTarget section */
		570813C52395A5AB009BB597 /* DeadStormRising */ = {
			isa = PBXNativeTarget;
			buildConfigurationList = 570813DE2395A5AD009BB597 /* Build configuration list for PBXNativeTarget "DeadStormRising" */;
			buildPhases = (
				570813C22395A5AB009BB597 /* Sources */,
				570813C32395A5AB009BB597 /* Frameworks */,
				570813C42395A5AB009BB597 /* Resources */,
			);
			buildRules = (
			);
			dependencies = (
			);
			name = DeadStormRising;
			productName = DeadStormRising;
			productReference = 570813C62395A5AB009BB597 /* DeadStormRising.app */;
			productType = "com.apple.product-type.application";
		};
/* End PBXNativeTarget section */

/* Begin PBXProject section */
		570813BE2395A5AA009BB597 /* Project object */ = {
			isa = PBXProject;
			attributes = {
				LastSwiftUpdateCheck = 1120;
				LastUpgradeCheck = 1120;
				ORGANIZATIONNAME = "Zach Frew";
				TargetAttributes = {
					570813C52395A5AB009BB597 = {
						CreatedOnToolsVersion = 11.2.1;
					};
				};
			};
			buildConfigurationList = 570813C12395A5AA009BB597 /* Build configuration list for PBXProject "DeadStormRising" */;
			compatibilityVersion = "Xcode 9.3";
			developmentRegion = en;
			hasScannedForEncodings = 0;
			knownRegions = (
				en,
				Base,
			);
			mainGroup = 570813BD2395A5AA009BB597;
			productRefGroup = 570813C72395A5AB009BB597 /* Products */;
			projectDirPath = "";
			projectRoot = "";
			targets = (
				570813C52395A5AB009BB597 /* DeadStormRising */,
			);
		};
/* End PBXProject section */

/* Begin PBXResourcesBuildPhase section */
		570813C42395A5AB009BB597 /* Resources */ = {
			isa = PBXResourcesBuildPhase;
			buildActionMask = 2147483647;
			files = (
				570813D52395A5AB009BB597 /* Main.storyboard in Resources */,
				570813CC2395A5AB009BB597 /* GameScene.sks in Resources */,
				57D7DFB0239EB88C004A0214 /* Smoke.sks in Resources */,
				570813D72395A5AD009BB597 /* Assets.xcassets in Resources */,
				57D7DFAF239EB88C004A0214 /* Fire.sks in Resources */,
				57D7DFB1239EB88C004A0214 /* spark.png in Resources */,
				570813DA2395A5AD009BB597 /* LaunchScreen.storyboard in Resources */,
				570813E42395A6BD009BB597 /* TileSet.sks in Resources */,
			);
			runOnlyForDeploymentPostprocessing = 0;
		};
/* End PBXResourcesBuildPhase section */

/* Begin PBXSourcesBuildPhase section */
		570813C22395A5AB009BB597 /* Sources */ = {
			isa = PBXSourcesBuildPhase;
			buildActionMask = 2147483647;
			files = (
				5765B53B239E9623004615CC /* Base.swift in Sources */,
				5765B539239E9618004615CC /* Unit.swift in Sources */,
				570813D02395A5AB009BB597 /* GameScene.swift in Sources */,
				570813D22395A5AB009BB597 /* GameViewController.swift in Sources */,
				5765B53D239E9AB0004615CC /* CGPoint+Extension.swift in Sources */,
				5765B537239E960B004615CC /* GameItem.swift in Sources */,
				570813CA2395A5AB009BB597 /* AppDelegate.swift in Sources */,
				57D7DFAB239EB112004A0214 /* Array+Extension.swift in Sources */,
			);
			runOnlyForDeploymentPostprocessing = 0;
		};
/* End PBXSourcesBuildPhase section */

/* Begin PBXVariantGroup section */
		570813D32395A5AB009BB597 /* Main.storyboard */ = {
			isa = PBXVariantGroup;
			children = (
				570813D42395A5AB009BB597 /* Base */,
			);
			name = Main.storyboard;
			sourceTree = "<group>";
		};
		570813D82395A5AD009BB597 /* LaunchScreen.storyboard */ = {
			isa = PBXVariantGroup;
			children = (
				570813D92395A5AD009BB597 /* Base */,
			);
			name = LaunchScreen.storyboard;
			sourceTree = "<group>";
		};
/* End PBXVariantGroup section */

/* Begin XCBuildConfiguration section */
		570813DC2395A5AD009BB597 /* Debug */ = {
			isa = XCBuildConfiguration;
			buildSettings = {
				ALWAYS_SEARCH_USER_PATHS = NO;
				CLANG_ANALYZER_NONNULL = YES;
				CLANG_ANALYZER_NUMBER_OBJECT_CONVERSION = YES_AGGRESSIVE;
				CLANG_CXX_LANGUAGE_STANDARD = "gnu++14";
				CLANG_CXX_LIBRARY = "libc++";
				CLANG_ENABLE_MODULES = YES;
				CLANG_ENABLE_OBJC_ARC = YES;
				CLANG_ENABLE_OBJC_WEAK = YES;
				CLANG_WARN_BLOCK_CAPTURE_AUTORELEASING = YES;
				CLANG_WARN_BOOL_CONVERSION = YES;
				CLANG_WARN_COMMA = YES;
				CLANG_WARN_CONSTANT_CONVERSION = YES;
				CLANG_WARN_DEPRECATED_OBJC_IMPLEMENTATIONS = YES;
				CLANG_WARN_DIRECT_OBJC_ISA_USAGE = YES_ERROR;
				CLANG_WARN_DOCUMENTATION_COMMENTS = YES;
				CLANG_WARN_EMPTY_BODY = YES;
				CLANG_WARN_ENUM_CONVERSION = YES;
				CLANG_WARN_INFINITE_RECURSION = YES;
				CLANG_WARN_INT_CONVERSION = YES;
				CLANG_WARN_NON_LITERAL_NULL_CONVERSION = YES;
				CLANG_WARN_OBJC_IMPLICIT_RETAIN_SELF = YES;
				CLANG_WARN_OBJC_LITERAL_CONVERSION = YES;
				CLANG_WARN_OBJC_ROOT_CLASS = YES_ERROR;
				CLANG_WARN_RANGE_LOOP_ANALYSIS = YES;
				CLANG_WARN_STRICT_PROTOTYPES = YES;
				CLANG_WARN_SUSPICIOUS_MOVE = YES;
				CLANG_WARN_UNGUARDED_AVAILABILITY = YES_AGGRESSIVE;
				CLANG_WARN_UNREACHABLE_CODE = YES;
				CLANG_WARN__DUPLICATE_METHOD_MATCH = YES;
				COPY_PHASE_STRIP = NO;
				DEBUG_INFORMATION_FORMAT = dwarf;
				ENABLE_STRICT_OBJC_MSGSEND = YES;
				ENABLE_TESTABILITY = YES;
				GCC_C_LANGUAGE_STANDARD = gnu11;
				GCC_DYNAMIC_NO_PIC = NO;
				GCC_NO_COMMON_BLOCKS = YES;
				GCC_OPTIMIZATION_LEVEL = 0;
				GCC_PREPROCESSOR_DEFINITIONS = (
					"DEBUG=1",
					"$(inherited)",
				);
				GCC_WARN_64_TO_32_BIT_CONVERSION = YES;
				GCC_WARN_ABOUT_RETURN_TYPE = YES_ERROR;
				GCC_WARN_UNDECLARED_SELECTOR = YES;
				GCC_WARN_UNINITIALIZED_AUTOS = YES_AGGRESSIVE;
				GCC_WARN_UNUSED_FUNCTION = YES;
				GCC_WARN_UNUSED_VARIABLE = YES;
				IPHONEOS_DEPLOYMENT_TARGET = 13.2;
				MTL_ENABLE_DEBUG_INFO = INCLUDE_SOURCE;
				MTL_FAST_MATH = YES;
				ONLY_ACTIVE_ARCH = YES;
				SDKROOT = iphoneos;
				SWIFT_ACTIVE_COMPILATION_CONDITIONS = DEBUG;
				SWIFT_OPTIMIZATION_LEVEL = "-Onone";
			};
			name = Debug;
		};
		570813DD2395A5AD009BB597 /* Release */ = {
			isa = XCBuildConfiguration;
			buildSettings = {
				ALWAYS_SEARCH_USER_PATHS = NO;
				CLANG_ANALYZER_NONNULL = YES;
				CLANG_ANALYZER_NUMBER_OBJECT_CONVERSION = YES_AGGRESSIVE;
				CLANG_CXX_LANGUAGE_STANDARD = "gnu++14";
				CLANG_CXX_LIBRARY = "libc++";
				CLANG_ENABLE_MODULES = YES;
				CLANG_ENABLE_OBJC_ARC = YES;
				CLANG_ENABLE_OBJC_WEAK = YES;
				CLANG_WARN_BLOCK_CAPTURE_AUTORELEASING = YES;
				CLANG_WARN_BOOL_CONVERSION = YES;
				CLANG_WARN_COMMA = YES;
				CLANG_WARN_CONSTANT_CONVERSION = YES;
				CLANG_WARN_DEPRECATED_OBJC_IMPLEMENTATIONS = YES;
				CLANG_WARN_DIRECT_OBJC_ISA_USAGE = YES_ERROR;
				CLANG_WARN_DOCUMENTATION_COMMENTS = YES;
				CLANG_WARN_EMPTY_BODY = YES;
				CLANG_WARN_ENUM_CONVERSION = YES;
				CLANG_WARN_INFINITE_RECURSION = YES;
				CLANG_WARN_INT_CONVERSION = YES;
				CLANG_WARN_NON_LITERAL_NULL_CONVERSION = YES;
				CLANG_WARN_OBJC_IMPLICIT_RETAIN_SELF = YES;
				CLANG_WARN_OBJC_LITERAL_CONVERSION = YES;
				CLANG_WARN_OBJC_ROOT_CLASS = YES_ERROR;
				CLANG_WARN_RANGE_LOOP_ANALYSIS = YES;
				CLANG_WARN_STRICT_PROTOTYPES = YES;
				CLANG_WARN_SUSPICIOUS_MOVE = YES;
				CLANG_WARN_UNGUARDED_AVAILABILITY = YES_AGGRESSIVE;
				CLANG_WARN_UNREACHABLE_CODE = YES;
				CLANG_WARN__DUPLICATE_METHOD_MATCH = YES;
				COPY_PHASE_STRIP = NO;
				DEBUG_INFORMATION_FORMAT = "dwarf-with-dsym";
				ENABLE_NS_ASSERTIONS = NO;
				ENABLE_STRICT_OBJC_MSGSEND = YES;
				GCC_C_LANGUAGE_STANDARD = gnu11;
				GCC_NO_COMMON_BLOCKS = YES;
				GCC_WARN_64_TO_32_BIT_CONVERSION = YES;
				GCC_WARN_ABOUT_RETURN_TYPE = YES_ERROR;
				GCC_WARN_UNDECLARED_SELECTOR = YES;
				GCC_WARN_UNINITIALIZED_AUTOS = YES_AGGRESSIVE;
				GCC_WARN_UNUSED_FUNCTION = YES;
				GCC_WARN_UNUSED_VARIABLE = YES;
				IPHONEOS_DEPLOYMENT_TARGET = 13.2;
				MTL_ENABLE_DEBUG_INFO = NO;
				MTL_FAST_MATH = YES;
				SDKROOT = iphoneos;
				SWIFT_COMPILATION_MODE = wholemodule;
				SWIFT_OPTIMIZATION_LEVEL = "-O";
				VALIDATE_PRODUCT = YES;
			};
			name = Release;
		};
		570813DF2395A5AD009BB597 /* Debug */ = {
			isa = XCBuildConfiguration;
			buildSettings = {
				ASSETCATALOG_COMPILER_APPICON_NAME = AppIcon;
				CODE_SIGN_STYLE = Automatic;
				DEVELOPMENT_TEAM = TML83P7F4U;
				INFOPLIST_FILE = DeadStormRising/Info.plist;
				LD_RUNPATH_SEARCH_PATHS = (
					"$(inherited)",
					"@executable_path/Frameworks",
				);
				PRODUCT_BUNDLE_IDENTIFIER = com.zachfrew.DeadStormRising;
				PRODUCT_NAME = "$(TARGET_NAME)";
				SWIFT_VERSION = 5.0;
				TARGETED_DEVICE_FAMILY = 2;
			};
			name = Debug;
		};
		570813E02395A5AD009BB597 /* Release */ = {
			isa = XCBuildConfiguration;
			buildSettings = {
				ASSETCATALOG_COMPILER_APPICON_NAME = AppIcon;
				CODE_SIGN_STYLE = Automatic;
				DEVELOPMENT_TEAM = TML83P7F4U;
				INFOPLIST_FILE = DeadStormRising/Info.plist;
				LD_RUNPATH_SEARCH_PATHS = (
					"$(inherited)",
					"@executable_path/Frameworks",
				);
				PRODUCT_BUNDLE_IDENTIFIER = com.zachfrew.DeadStormRising;
				PRODUCT_NAME = "$(TARGET_NAME)";
				SWIFT_VERSION = 5.0;
				TARGETED_DEVICE_FAMILY = 2;
			};
			name = Release;
		};
/* End XCBuildConfiguration section */

/* Begin XCConfigurationList section */
		570813C12395A5AA009BB597 /* Build configuration list for PBXProject "DeadStormRising" */ = {
			isa = XCConfigurationList;
			buildConfigurations = (
				570813DC2395A5AD009BB597 /* Debug */,
				570813DD2395A5AD009BB597 /* Release */,
			);
			defaultConfigurationIsVisible = 0;
			defaultConfigurationName = Release;
		};
		570813DE2395A5AD009BB597 /* Build configuration list for PBXNativeTarget "DeadStormRising" */ = {
			isa = XCConfigurationList;
			buildConfigurations = (
				570813DF2395A5AD009BB597 /* Debug */,
				570813E02395A5AD009BB597 /* Release */,
			);
			defaultConfigurationIsVisible = 0;
			defaultConfigurationName = Release;
		};
/* End XCConfigurationList section */
	};
	rootObject = 570813BE2395A5AA009BB597 /* Project object */;
}
